# This file is automatically @generated by Cargo.
# It is not intended for manual editing.
[[package]]
name = "petrolc"
version = "0.0.0"
dependencies = [
 "typed-arena 1.6.1 (registry+https://github.com/rust-lang/crates.io-index)",
]

[[package]]
name = "typed-arena"
version = "1.6.1"
source = "registry+https://github.com/rust-lang/crates.io-index"

[metadata]
"checksum typed-arena 1.6.1 (registry+https://github.com/rust-lang/crates.io-index)" = "9c0704a799d314795d3d847d519b284bae681ef9b1f3da99f7ebc7b47ba2e607"
